
Microsoft Visual Studio Solution File, Format Version 12.00
# Visual Studio Version 17
VisualStudioVersion = 17.8.34525.116
MinimumVisualStudioVersion = 10.0.40219.1
Project("{FAE04EC0-301F-11D3-BF4B-00C04F79EFBC}") = "IdentityManager-Advanced", "IdentityManager-Advanced\IdentityManager-Advanced.csproj", "{6EE9FFC3-6F3E-40FC-8CD4-A84A31F4947B}"
EndProject
Global
	GlobalSection(SolutionConfigurationPlatforms) = preSolution
		Debug|Any CPU = Debug|Any CPU
		Release|Any CPU = Release|Any CPU
	EndGlobalSection
	GlobalSection(ProjectConfigurationPlatforms) = postSolution
		{6EE9FFC3-6F3E-40FC-8CD4-A84A31F4947B}.Debug|Any CPU.ActiveCfg = Debug|Any CPU
		{6EE9FFC3-6F3E-40FC-8CD4-A84A31F4947B}.Debug|Any CPU.Build.0 = Debug|Any CPU
		{6EE9FFC3-6F3E-40FC-8CD4-A84A31F4947B}.Release|Any CPU.ActiveCfg = Release|Any CPU
		{6EE9FFC3-6F3E-40FC-8CD4-A84A31F4947B}.Release|Any CPU.Build.0 = Release|Any CPU
	EndGlobalSection
	GlobalSection(SolutionProperties) = preSolution
		HideSolutionNode = FALSE
	EndGlobalSection
	GlobalSection(ExtensibilityGlobals) = postSolution
		SolutionGuid = {DB83B21C-3625-4A8F-BD1C-FC218D9CC679}
	EndGlobalSection
EndGlobal
